<Solution>
  <Folder Name="/examples/">
    <File Path="examples/diamond.bas" />
    <File Path="examples/math.bas" />
    <File Path="examples/name.bas" />
    <File Path="examples/stars.bas" />
    <File Path="examples/strings.bas" />
  </Folder>
  <Project Path="C#/src/VintageBasic.csproj" />
  <Project Path="C#/VintageBasic.Tests/VintageBasic.Tests.csproj" />
</Solution>
